// !$*UTF8*$!
{
	archiveVersion = 1;
	classes = {
	};
	objectVersion = 46;
	objects = {

/* Begin PBXBuildFile section */
		04A532281D02AEFA0064AD85 /* Person.m in Sources */ = {isa = PBXBuildFile; fileRef = 04A532271D02AEFA0064AD85 /* Person.m */; };
		04BE4E9D1CE9EE7D00CE902E /* main.m in Sources */ = {isa = PBXBuildFile; fileRef = 04BE4E9C1CE9EE7D00CE902E /* main.m */; };
/* End PBXBuildFile section */

/* Begin PBXCopyFilesBuildPhase section */
		04BE4E971CE9EE7D00CE902E /* CopyFiles */ = {
			isa = PBXCopyFilesBuildPhase;
			buildActionMask = 2147483647;
			dstPath = /usr/share/man/man1/;
			dstSubfolderSpec = 0;
			files = (
			);
			runOnlyForDeploymentPostprocessing = 1;
		};
/* End PBXCopyFilesBuildPhase section */

/* Begin PBXFileReference section */
		04A532261D02AEFA0064AD85 /* Person.h */ = {isa = PBXFileReference; fileEncoding = 4; lastKnownFileType = sourcecode.c.h; path = Person.h; sourceTree = "<group>"; };
		04A532271D02AEFA0064AD85 /* Person.m */ = {isa = PBXFileReference; fileEncoding = 4; lastKnownFileType = sourcecode.c.objc; path = Person.m; sourceTree = "<group>"; };
		04BE4E991CE9EE7D00CE902E /* HELLO */ = {isa = PBXFileReference; explicitFileType = "compiled.mach-o.executable"; includeInIndex = 0; path = HELLO; sourceTree = BUILT_PRODUCTS_DIR; };
		04BE4E9C1CE9EE7D00CE902E /* main.m */ = {isa = PBXFileReference; lastKnownFileType = sourcecode.c.objc; path = main.m; sourceTree = "<group>"; };
/* End PBXFileReference section */

/* Begin PBXFrameworksBuildPhase section */
		04BE4E961CE9EE7D00CE902E /* Frameworks */ = {
			isa = PBXFrameworksBuildPhase;
			buildActionMask = 2147483647;
			files = (
			);
			runOnlyForDeploymentPostprocessing = 0;
		};
/* End PBXFrameworksBuildPhase section */

/* Begin PBXGroup section */
		04BE4E901CE9EE7D00CE902E = {
			isa = PBXGroup;
			children = (
				04BE4E9B1CE9EE7D00CE902E /* HELLO */,
				04BE4E9A1CE9EE7D00CE902E /* Products */,
			);
			sourceTree = "<group>";
		};
		04BE4E9A1CE9EE7D00CE902E /* Products */ = {
			isa = PBXGroup;
			children = (
				04BE4E991CE9EE7D00CE902E /* HELLO */,
			);
			name = Products;
			sourceTree = "<group>";
		};
		04BE4E9B1CE9EE7D00CE902E /* HELLO */ = {
			isa = PBXGroup;
			children = (
				04BE4E9C1CE9EE7D00CE902E /* main.m */,
				04A532261D02AEFA0064AD85 /* Person.h */,
				04A532271D02AEFA0064AD85 /* Person.m */,
			);
			path = HELLO;
			sourceTree = "<group>";
		};
/* End PBXGroup section */

/* Begin PBXNativeTarget section */
		04BE4E981CE9EE7D00CE902E /* HELLO */ = {
			isa = PBXNativeTarget;
			buildConfigurationList = 04BE4EA01CE9EE7D00CE902E /* Build configuration list for PBXNativeTarget "HELLO" */;
			buildPhases = (
				04BE4E951CE9EE7D00CE902E /* Sources */,
				04BE4E961CE9EE7D00CE902E /* Frameworks */,
				04BE4E971CE9EE7D00CE902E /* CopyFiles */,
			);
			buildRules = (
			);
			dependencies = (
			);
			name = HELLO;
			productName = HELLO;
			productReference = 04BE4E991CE9EE7D00CE902E /* HELLO */;
			productType = "com.apple.product-type.tool";
		};
/* End PBXNativeTarget section */

/* Begin PBXProject section */
		04BE4E911CE9EE7D00CE902E /* Project object */ = {
			isa = PBXProject;
			attributes = {
				LastUpgradeCheck = 0730;
				ORGANIZATIONNAME = Mac;
				TargetAttributes = {
					04BE4E981CE9EE7D00CE902E = {
						CreatedOnToolsVersion = 7.3.1;
					};
				};
			};
			buildConfigurationList = 04BE4E941CE9EE7D00CE902E /* Build configuration list for PBXProject "HELLO" */;
			compatibilityVersion = "Xcode 3.2";
			developmentRegion = English;
			hasScannedForEncodings = 0;
			knownRegions = (
				en,
			);
			mainGroup = 04BE4E901CE9EE7D00CE902E;
			productRefGroup = 04BE4E9A1CE9EE7D00CE902E /* Products */;
			projectDirPath = "";
			projectRoot = "";
			targets = (
				04BE4E981CE9EE7D00CE902E /* HELLO */,
			);
		};
/* End PBXProject section */

/* Begin PBXSourcesBuildPhase section */
		04BE4E951CE9EE7D00CE902E /* Sources */ = {
			isa = PBXSourcesBuildPhase;
			buildActionMask = 2147483647;
			files = (
				04A532281D02AEFA0064AD85 /* Person.m in Sources */,
				04BE4E9D1CE9EE7D00CE902E /* main.m in Sources */,
			);
			runOnlyForDeploymentPostprocessing = 0;
		};
/* End PBXSourcesBuildPhase section */

/* Begin XCBuildConfiguration section */
		04BE4E9E1CE9EE7D00CE902E /* Debug */ = {
			isa = XCBuildConfiguration;
			buildSettings = {
				ALWAYS_SEARCH_USER_PATHS = NO;
				CLANG_ANALYZER_NONNULL = YES;
				CLANG_CXX_LANGUAGE_STANDARD = "gnu++0x";
				CLANG_CXX_LIBRARY = "libc++";
				CLANG_ENABLE_MODULES = YES;
				CLANG_ENABLE_OBJC_ARC = YES;
				CLANG_WARN_BOOL_CONVERSION = YES;
				CLANG_WARN_CONSTANT_CONVERSION = YES;
				CLANG_WARN_DIRECT_OBJC_ISA_USAGE = YES_ERROR;
				CLANG_WARN_EMPTY_BODY = YES;
				CLANG_WARN_ENUM_CONVERSION = YES;
				CLANG_WARN_INT_CONVERSION = YES;
				CLANG_WARN_OBJC_ROOT_CLASS = YES_ERROR;
				CLANG_WARN_UNREACHABLE_CODE = YES;
				CLANG_WARN__DUPLICATE_METHOD_MATCH = YES;
				CODE_SIGN_IDENTITY = "-";
				COPY_PHASE_STRIP = NO;
				DEBUG_INFORMATION_FORMAT = dwarf;
				ENABLE_STRICT_OBJC_MSGSEND = YES;
				ENABLE_TESTABILITY = YES;
				GCC_C_LANGUAGE_STANDARD = gnu99;
				GCC_DYNAMIC_NO_PIC = NO;
				GCC_NO_COMMON_BLOCKS = YES;
				GCC_OPTIMIZATION_LEVEL = 0;
				GCC_PREPROCESSOR_DEFINITIONS = (
					"DEBUG=1",
					"$(inherited)",
				);
				GCC_WARN_64_TO_32_BIT_CONVERSION = YES;
				GCC_WARN_ABOUT_RETURN_TYPE = YES_ERROR;
				GCC_WARN_UNDECLARED_SELECTOR = YES;
				GCC_WARN_UNINITIALIZED_AUTOS = YES_AGGRESSIVE;
				GCC_WARN_UNUSED_FUNCTION = YES;
				GCC_WARN_UNUSED_VARIABLE = YES;
				MACOSX_DEPLOYMENT_TARGET = 10.11;
				MTL_ENABLE_DEBUG_INFO = YES;
				ONLY_ACTIVE_ARCH = YES;
				SDKROOT = macosx;
			};
			name = Debug;
		};
		04BE4E9F1CE9EE7D00CE902E /* Release */ = {
			isa = XCBuildConfiguration;
			buildSettings = {
				ALWAYS_SEARCH_USER_PATHS = NO;
				CLANG_ANALYZER_NONNULL = YES;
				CLANG_CXX_LANGUAGE_STANDARD = "gnu++0x";
				CLANG_CXX_LIBRARY = "libc++";
				CLANG_ENABLE_MODULES = YES;
				CLANG_ENABLE_OBJC_ARC = YES;
				CLANG_WARN_BOOL_CONVERSION = YES;
				CLANG_WARN_CONSTANT_CONVERSION = YES;
				CLANG_WARN_DIRECT_OBJC_ISA_USAGE = YES_ERROR;
				CLANG_WARN_EMPTY_BODY = YES;
				CLANG_WARN_ENUM_CONVERSION = YES;
				CLANG_WARN_INT_CONVERSION = YES;
				CLANG_WARN_OBJC_ROOT_CLASS = YES_ERROR;
				CLANG_WARN_UNREACHABLE_CODE = YES;
				CLANG_WARN__DUPLICATE_METHOD_MATCH = YES;
				CODE_SIGN_IDENTITY = "-";
				COPY_PHASE_STRIP = NO;
				DEBUG_INFORMATION_FORMAT = "dwarf-with-dsym";
				ENABLE_NS_ASSERTIONS = NO;
				ENABLE_STRICT_OBJC_MSGSEND = YES;
				GCC_C_LANGUAGE_STANDARD = gnu99;
				GCC_NO_COMMON_BLOCKS = YES;
				GCC_WARN_64_TO_32_BIT_CONVERSION = YES;
				GCC_WARN_ABOUT_RETURN_TYPE = YES_ERROR;
				GCC_WARN_UNDECLARED_SELECTOR = YES;
				GCC_WARN_UNINITIALIZED_AUTOS = YES_AGGRESSIVE;
				GCC_WARN_UNUSED_FUNCTION = YES;
				GCC_WARN_UNUSED_VARIABLE = YES;
				MACOSX_DEPLOYMENT_TARGET = 10.11;
				MTL_ENABLE_DEBUG_INFO = NO;
				SDKROOT = macosx;
			};
			name = Release;
		};
		04BE4EA11CE9EE7D00CE902E /* Debug */ = {
			isa = XCBuildConfiguration;
			buildSettings = {
				PRODUCT_NAME = "$(TARGET_NAME)";
			};
			name = Debug;
		};
		04BE4EA21CE9EE7D00CE902E /* Release */ = {
			isa = XCBuildConfiguration;
			buildSettings = {
				PRODUCT_NAME = "$(TARGET_NAME)";
			};
			name = Release;
		};
/* End XCBuildConfiguration section */

/* Begin XCConfigurationList section */
		04BE4E941CE9EE7D00CE902E /* Build configuration list for PBXProject "HELLO" */ = {
			isa = XCConfigurationList;
			buildConfigurations = (
				04BE4E9E1CE9EE7D00CE902E /* Debug */,
				04BE4E9F1CE9EE7D00CE902E /* Release */,
			);
			defaultConfigurationIsVisible = 0;
			defaultConfigurationName = Release;
		};
		04BE4EA01CE9EE7D00CE902E /* Build configuration list for PBXNativeTarget "HELLO" */ = {
			isa = XCConfigurationList;
			buildConfigurations = (
				04BE4EA11CE9EE7D00CE902E /* Debug */,
				04BE4EA21CE9EE7D00CE902E /* Release */,
			);
			defaultConfigurationIsVisible = 0;
			defaultConfigurationName = Release;
		};
/* End XCConfigurationList section */
	};
	rootObject = 04BE4E911CE9EE7D00CE902E /* Project object */;
}
