// !$*UTF8*$!
{
	archiveVersion = 1;
	classes = {
	};
	objectVersion = 46;
	objects = {

/* Begin PBXBuildFile section */
		04738E861CF3FC4C00F514A7 /* conc_increment.c in Sources */ = {isa = PBXBuildFile; fileRef = 04738E7D1CF3FC4C00F514A7 /* conc_increment.c */; };
		04738E871CF3FC4C00F514A7 /* main.c in Sources */ = {isa = PBXBuildFile; fileRef = 04738E7E1CF3FC4C00F514A7 /* main.c */; };
		04738E881CF3FC4C00F514A7 /* memleak.c in Sources */ = {isa = PBXBuildFile; fileRef = 04738E7F1CF3FC4C00F514A7 /* memleak.c */; };
		04738E891CF3FC4C00F514A7 /* no_work.c in Sources */ = {isa = PBXBuildFile; fileRef = 04738E801CF3FC4C00F514A7 /* no_work.c */; };
		04738E8A1CF3FC4C00F514A7 /* nonzero_heap_stack.c in Sources */ = {isa = PBXBuildFile; fileRef = 04738E811CF3FC4C00F514A7 /* nonzero_heap_stack.c */; };
		04738E8B1CF3FC4C00F514A7 /* pause_resume.c in Sources */ = {isa = PBXBuildFile; fileRef = 04738E821CF3FC4C00F514A7 /* pause_resume.c */; };
		04738E8C1CF3FC4C00F514A7 /* thpool.c in Sources */ = {isa = PBXBuildFile; fileRef = 04738E831CF3FC4C00F514A7 /* thpool.c */; };
		04738E8D1CF3FC4C00F514A7 /* wait.c in Sources */ = {isa = PBXBuildFile; fileRef = 04738E851CF3FC4C00F514A7 /* wait.c */; };
/* End PBXBuildFile section */

/* Begin PBXCopyFilesBuildPhase section */
		04738E701CF3FC3A00F514A7 /* CopyFiles */ = {
			isa = PBXCopyFilesBuildPhase;
			buildActionMask = 2147483647;
			dstPath = /usr/share/man/man1/;
			dstSubfolderSpec = 0;
			files = (
			);
			runOnlyForDeploymentPostprocessing = 1;
		};
/* End PBXCopyFilesBuildPhase section */

/* Begin PBXFileReference section */
		04738E721CF3FC3A00F514A7 /* 线程池Demo */ = {isa = PBXFileReference; explicitFileType = "compiled.mach-o.executable"; includeInIndex = 0; path = "线程池Demo"; sourceTree = BUILT_PRODUCTS_DIR; };
		04738E7D1CF3FC4C00F514A7 /* conc_increment.c */ = {isa = PBXFileReference; fileEncoding = 4; lastKnownFileType = sourcecode.c.c; path = conc_increment.c; sourceTree = "<group>"; };
		04738E7E1CF3FC4C00F514A7 /* main.c */ = {isa = PBXFileReference; fileEncoding = 4; lastKnownFileType = sourcecode.c.c; path = main.c; sourceTree = "<group>"; };
		04738E7F1CF3FC4C00F514A7 /* memleak.c */ = {isa = PBXFileReference; fileEncoding = 4; lastKnownFileType = sourcecode.c.c; path = memleak.c; sourceTree = "<group>"; };
		04738E801CF3FC4C00F514A7 /* no_work.c */ = {isa = PBXFileReference; fileEncoding = 4; lastKnownFileType = sourcecode.c.c; path = no_work.c; sourceTree = "<group>"; };
		04738E811CF3FC4C00F514A7 /* nonzero_heap_stack.c */ = {isa = PBXFileReference; fileEncoding = 4; lastKnownFileType = sourcecode.c.c; path = nonzero_heap_stack.c; sourceTree = "<group>"; };
		04738E821CF3FC4C00F514A7 /* pause_resume.c */ = {isa = PBXFileReference; fileEncoding = 4; lastKnownFileType = sourcecode.c.c; path = pause_resume.c; sourceTree = "<group>"; };
		04738E831CF3FC4C00F514A7 /* thpool.c */ = {isa = PBXFileReference; fileEncoding = 4; lastKnownFileType = sourcecode.c.c; path = thpool.c; sourceTree = "<group>"; };
		04738E841CF3FC4C00F514A7 /* thpool.h */ = {isa = PBXFileReference; fileEncoding = 4; lastKnownFileType = sourcecode.c.h; path = thpool.h; sourceTree = "<group>"; };
		04738E851CF3FC4C00F514A7 /* wait.c */ = {isa = PBXFileReference; fileEncoding = 4; lastKnownFileType = sourcecode.c.c; path = wait.c; sourceTree = "<group>"; };
/* End PBXFileReference section */

/* Begin PBXFrameworksBuildPhase section */
		04738E6F1CF3FC3A00F514A7 /* Frameworks */ = {
			isa = PBXFrameworksBuildPhase;
			buildActionMask = 2147483647;
			files = (
			);
			runOnlyForDeploymentPostprocessing = 0;
		};
/* End PBXFrameworksBuildPhase section */

/* Begin PBXGroup section */
		04738E691CF3FC3A00F514A7 = {
			isa = PBXGroup;
			children = (
				04738E741CF3FC3A00F514A7 /* 线程池Demo */,
				04738E731CF3FC3A00F514A7 /* Products */,
			);
			sourceTree = "<group>";
		};
		04738E731CF3FC3A00F514A7 /* Products */ = {
			isa = PBXGroup;
			children = (
				04738E721CF3FC3A00F514A7 /* 线程池Demo */,
			);
			name = Products;
			sourceTree = "<group>";
		};
		04738E741CF3FC3A00F514A7 /* 线程池Demo */ = {
			isa = PBXGroup;
			children = (
				04738E7C1CF3FC4C00F514A7 /* source */,
			);
			path = "线程池Demo";
			sourceTree = "<group>";
		};
		04738E7C1CF3FC4C00F514A7 /* source */ = {
			isa = PBXGroup;
			children = (
				04738E7D1CF3FC4C00F514A7 /* conc_increment.c */,
				04738E7E1CF3FC4C00F514A7 /* main.c */,
				04738E7F1CF3FC4C00F514A7 /* memleak.c */,
				04738E801CF3FC4C00F514A7 /* no_work.c */,
				04738E811CF3FC4C00F514A7 /* nonzero_heap_stack.c */,
				04738E821CF3FC4C00F514A7 /* pause_resume.c */,
				04738E831CF3FC4C00F514A7 /* thpool.c */,
				04738E841CF3FC4C00F514A7 /* thpool.h */,
				04738E851CF3FC4C00F514A7 /* wait.c */,
			);
			path = source;
			sourceTree = "<group>";
		};
/* End PBXGroup section */

/* Begin PBXNativeTarget section */
		04738E711CF3FC3A00F514A7 /* 线程池Demo */ = {
			isa = PBXNativeTarget;
			buildConfigurationList = 04738E791CF3FC3A00F514A7 /* Build configuration list for PBXNativeTarget "线程池Demo" */;
			buildPhases = (
				04738E6E1CF3FC3A00F514A7 /* Sources */,
				04738E6F1CF3FC3A00F514A7 /* Frameworks */,
				04738E701CF3FC3A00F514A7 /* CopyFiles */,
			);
			buildRules = (
			);
			dependencies = (
			);
			name = "线程池Demo";
			productName = "线程池Demo";
			productReference = 04738E721CF3FC3A00F514A7 /* 线程池Demo */;
			productType = "com.apple.product-type.tool";
		};
/* End PBXNativeTarget section */

/* Begin PBXProject section */
		04738E6A1CF3FC3A00F514A7 /* Project object */ = {
			isa = PBXProject;
			attributes = {
				LastUpgradeCheck = 0730;
				ORGANIZATIONNAME = Mac;
				TargetAttributes = {
					04738E711CF3FC3A00F514A7 = {
						CreatedOnToolsVersion = 7.3.1;
					};
				};
			};
			buildConfigurationList = 04738E6D1CF3FC3A00F514A7 /* Build configuration list for PBXProject "线程池Demo" */;
			compatibilityVersion = "Xcode 3.2";
			developmentRegion = English;
			hasScannedForEncodings = 0;
			knownRegions = (
				en,
			);
			mainGroup = 04738E691CF3FC3A00F514A7;
			productRefGroup = 04738E731CF3FC3A00F514A7 /* Products */;
			projectDirPath = "";
			projectRoot = "";
			targets = (
				04738E711CF3FC3A00F514A7 /* 线程池Demo */,
			);
		};
/* End PBXProject section */

/* Begin PBXSourcesBuildPhase section */
		04738E6E1CF3FC3A00F514A7 /* Sources */ = {
			isa = PBXSourcesBuildPhase;
			buildActionMask = 2147483647;
			files = (
				04738E881CF3FC4C00F514A7 /* memleak.c in Sources */,
				04738E891CF3FC4C00F514A7 /* no_work.c in Sources */,
				04738E871CF3FC4C00F514A7 /* main.c in Sources */,
				04738E8C1CF3FC4C00F514A7 /* thpool.c in Sources */,
				04738E8D1CF3FC4C00F514A7 /* wait.c in Sources */,
				04738E861CF3FC4C00F514A7 /* conc_increment.c in Sources */,
				04738E8A1CF3FC4C00F514A7 /* nonzero_heap_stack.c in Sources */,
				04738E8B1CF3FC4C00F514A7 /* pause_resume.c in Sources */,
			);
			runOnlyForDeploymentPostprocessing = 0;
		};
/* End PBXSourcesBuildPhase section */

/* Begin XCBuildConfiguration section */
		04738E771CF3FC3A00F514A7 /* Debug */ = {
			isa = XCBuildConfiguration;
			buildSettings = {
				ALWAYS_SEARCH_USER_PATHS = NO;
				CLANG_ANALYZER_NONNULL = YES;
				CLANG_CXX_LANGUAGE_STANDARD = "gnu++0x";
				CLANG_CXX_LIBRARY = "libc++";
				CLANG_ENABLE_MODULES = YES;
				CLANG_ENABLE_OBJC_ARC = YES;
				CLANG_WARN_BOOL_CONVERSION = YES;
				CLANG_WARN_CONSTANT_CONVERSION = YES;
				CLANG_WARN_DIRECT_OBJC_ISA_USAGE = YES_ERROR;
				CLANG_WARN_EMPTY_BODY = YES;
				CLANG_WARN_ENUM_CONVERSION = YES;
				CLANG_WARN_INT_CONVERSION = YES;
				CLANG_WARN_OBJC_ROOT_CLASS = YES_ERROR;
				CLANG_WARN_UNREACHABLE_CODE = YES;
				CLANG_WARN__DUPLICATE_METHOD_MATCH = YES;
				CODE_SIGN_IDENTITY = "-";
				COPY_PHASE_STRIP = NO;
				DEBUG_INFORMATION_FORMAT = dwarf;
				ENABLE_STRICT_OBJC_MSGSEND = YES;
				ENABLE_TESTABILITY = YES;
				GCC_C_LANGUAGE_STANDARD = gnu99;
				GCC_DYNAMIC_NO_PIC = NO;
				GCC_NO_COMMON_BLOCKS = YES;
				GCC_OPTIMIZATION_LEVEL = 0;
				GCC_PREPROCESSOR_DEFINITIONS = (
					"DEBUG=1",
					"$(inherited)",
				);
				GCC_WARN_64_TO_32_BIT_CONVERSION = YES;
				GCC_WARN_ABOUT_RETURN_TYPE = YES_ERROR;
				GCC_WARN_UNDECLARED_SELECTOR = YES;
				GCC_WARN_UNINITIALIZED_AUTOS = YES_AGGRESSIVE;
				GCC_WARN_UNUSED_FUNCTION = YES;
				GCC_WARN_UNUSED_VARIABLE = YES;
				MACOSX_DEPLOYMENT_TARGET = 10.11;
				MTL_ENABLE_DEBUG_INFO = YES;
				ONLY_ACTIVE_ARCH = YES;
				SDKROOT = macosx;
			};
			name = Debug;
		};
		04738E781CF3FC3A00F514A7 /* Release */ = {
			isa = XCBuildConfiguration;
			buildSettings = {
				ALWAYS_SEARCH_USER_PATHS = NO;
				CLANG_ANALYZER_NONNULL = YES;
				CLANG_CXX_LANGUAGE_STANDARD = "gnu++0x";
				CLANG_CXX_LIBRARY = "libc++";
				CLANG_ENABLE_MODULES = YES;
				CLANG_ENABLE_OBJC_ARC = YES;
				CLANG_WARN_BOOL_CONVERSION = YES;
				CLANG_WARN_CONSTANT_CONVERSION = YES;
				CLANG_WARN_DIRECT_OBJC_ISA_USAGE = YES_ERROR;
				CLANG_WARN_EMPTY_BODY = YES;
				CLANG_WARN_ENUM_CONVERSION = YES;
				CLANG_WARN_INT_CONVERSION = YES;
				CLANG_WARN_OBJC_ROOT_CLASS = YES_ERROR;
				CLANG_WARN_UNREACHABLE_CODE = YES;
				CLANG_WARN__DUPLICATE_METHOD_MATCH = YES;
				CODE_SIGN_IDENTITY = "-";
				COPY_PHASE_STRIP = NO;
				DEBUG_INFORMATION_FORMAT = "dwarf-with-dsym";
				ENABLE_NS_ASSERTIONS = NO;
				ENABLE_STRICT_OBJC_MSGSEND = YES;
				GCC_C_LANGUAGE_STANDARD = gnu99;
				GCC_NO_COMMON_BLOCKS = YES;
				GCC_WARN_64_TO_32_BIT_CONVERSION = YES;
				GCC_WARN_ABOUT_RETURN_TYPE = YES_ERROR;
				GCC_WARN_UNDECLARED_SELECTOR = YES;
				GCC_WARN_UNINITIALIZED_AUTOS = YES_AGGRESSIVE;
				GCC_WARN_UNUSED_FUNCTION = YES;
				GCC_WARN_UNUSED_VARIABLE = YES;
				MACOSX_DEPLOYMENT_TARGET = 10.11;
				MTL_ENABLE_DEBUG_INFO = NO;
				SDKROOT = macosx;
			};
			name = Release;
		};
		04738E7A1CF3FC3A00F514A7 /* Debug */ = {
			isa = XCBuildConfiguration;
			buildSettings = {
				PRODUCT_NAME = "$(TARGET_NAME)";
			};
			name = Debug;
		};
		04738E7B1CF3FC3A00F514A7 /* Release */ = {
			isa = XCBuildConfiguration;
			buildSettings = {
				PRODUCT_NAME = "$(TARGET_NAME)";
			};
			name = Release;
		};
/* End XCBuildConfiguration section */

/* Begin XCConfigurationList section */
		04738E6D1CF3FC3A00F514A7 /* Build configuration list for PBXProject "线程池Demo" */ = {
			isa = XCConfigurationList;
			buildConfigurations = (
				04738E771CF3FC3A00F514A7 /* Debug */,
				04738E781CF3FC3A00F514A7 /* Release */,
			);
			defaultConfigurationIsVisible = 0;
			defaultConfigurationName = Release;
		};
		04738E791CF3FC3A00F514A7 /* Build configuration list for PBXNativeTarget "线程池Demo" */ = {
			isa = XCConfigurationList;
			buildConfigurations = (
				04738E7A1CF3FC3A00F514A7 /* Debug */,
				04738E7B1CF3FC3A00F514A7 /* Release */,
			);
			defaultConfigurationIsVisible = 0;
		};
/* End XCConfigurationList section */
	};
	rootObject = 04738E6A1CF3FC3A00F514A7 /* Project object */;
}
